// !$*UTF8*$!
{
	archiveVersion = 1;
	classes = {
	};
	objectVersion = 46;
	objects = {

/* Begin PBXBuildFile section */
		FEF86DA31C3ECC9400CBDEF0 /* AppDelegate.swift in Sources */ = {isa = PBXBuildFile; fileRef = FEF86DA21C3ECC9400CBDEF0 /* AppDelegate.swift */; };
		FEF86DA51C3ECC9400CBDEF0 /* ViewController.swift in Sources */ = {isa = PBXBuildFile; fileRef = FEF86DA41C3ECC9400CBDEF0 /* ViewController.swift */; };
		FEF86DA81C3ECC9400CBDEF0 /* Main.storyboard in Resources */ = {isa = PBXBuildFile; fileRef = FEF86DA61C3ECC9400CBDEF0 /* Main.storyboard */; };
		FEF86DAA1C3ECC9400CBDEF0 /* Assets.xcassets in Resources */ = {isa = PBXBuildFile; fileRef = FEF86DA91C3ECC9400CBDEF0 /* Assets.xcassets */; };
		FEF86DAD1C3ECC9400CBDEF0 /* LaunchScreen.storyboard in Resources */ = {isa = PBXBuildFile; fileRef = FEF86DAB1C3ECC9400CBDEF0 /* LaunchScreen.storyboard */; };
/* End PBXBuildFile section */

/* Begin PBXFileReference section */
		FEF86D9F1C3ECC9400CBDEF0 /* Project 2.app */ = {isa = PBXFileReference; explicitFileType = wrapper.application; includeInIndex = 0; path = "Project 2.app"; sourceTree = BUILT_PRODUCTS_DIR; };
		FEF86DA21C3ECC9400CBDEF0 /* AppDelegate.swift */ = {isa = PBXFileReference; lastKnownFileType = sourcecode.swift; path = AppDelegate.swift; sourceTree = "<group>"; };
		FEF86DA41C3ECC9400CBDEF0 /* ViewController.swift */ = {isa = PBXFileReference; lastKnownFileType = sourcecode.swift; path = ViewController.swift; sourceTree = "<group>"; };
		FEF86DA71C3ECC9400CBDEF0 /* Base */ = {isa = PBXFileReference; lastKnownFileType = file.storyboard; name = Base; path = Base.lproj/Main.storyboard; sourceTree = "<group>"; };
		FEF86DA91C3ECC9400CBDEF0 /* Assets.xcassets */ = {isa = PBXFileReference; lastKnownFileType = folder.assetcatalog; path = Assets.xcassets; sourceTree = "<group>"; };
		FEF86DAC1C3ECC9400CBDEF0 /* Base */ = {isa = PBXFileReference; lastKnownFileType = file.storyboard; name = Base; path = Base.lproj/LaunchScreen.storyboard; sourceTree = "<group>"; };
		FEF86DAE1C3ECC9400CBDEF0 /* Info.plist */ = {isa = PBXFileReference; lastKnownFileType = text.plist.xml; path = Info.plist; sourceTree = "<group>"; };
/* End PBXFileReference section */

/* Begin PBXFrameworksBuildPhase section */
		FEF86D9C1C3ECC9400CBDEF0 /* Frameworks */ = {
			isa = PBXFrameworksBuildPhase;
			buildActionMask = 2147483647;
			files = (
			);
			runOnlyForDeploymentPostprocessing = 0;
		};
/* End PBXFrameworksBuildPhase section */

/* Begin PBXGroup section */
		FEF86D961C3ECC9400CBDEF0 = {
			isa = PBXGroup;
			children = (
				FEF86DA11C3ECC9400CBDEF0 /* Project 2 */,
				FEF86DA01C3ECC9400CBDEF0 /* Products */,
			);
			sourceTree = "<group>";
		};
		FEF86DA01C3ECC9400CBDEF0 /* Products */ = {
			isa = PBXGroup;
			children = (
				FEF86D9F1C3ECC9400CBDEF0 /* Project 2.app */,
			);
			name = Products;
			sourceTree = "<group>";
		};
		FEF86DA11C3ECC9400CBDEF0 /* Project 2 */ = {
			isa = PBXGroup;
			children = (
				FEF86DA21C3ECC9400CBDEF0 /* AppDelegate.swift */,
				FEF86DA41C3ECC9400CBDEF0 /* ViewController.swift */,
				FEF86DA61C3ECC9400CBDEF0 /* Main.storyboard */,
				FEF86DA91C3ECC9400CBDEF0 /* Assets.xcassets */,
				FEF86DAB1C3ECC9400CBDEF0 /* LaunchScreen.storyboard */,
				FEF86DAE1C3ECC9400CBDEF0 /* Info.plist */,
			);
			path = "Project 2";
			sourceTree = "<group>";
		};
/* End PBXGroup section */

/* Begin PBXNativeTarget section */
		FEF86D9E1C3ECC9400CBDEF0 /* Project 2 */ = {
			isa = PBXNativeTarget;
			buildConfigurationList = FEF86DB11C3ECC9400CBDEF0 /* Build configuration list for PBXNativeTarget "Project 2" */;
			buildPhases = (
				FEF86D9B1C3ECC9400CBDEF0 /* Sources */,
				FEF86D9C1C3ECC9400CBDEF0 /* Frameworks */,
				FEF86D9D1C3ECC9400CBDEF0 /* Resources */,
			);
			buildRules = (
			);
			dependencies = (
			);
			name = "Project 2";
			productName = "Project 2";
			productReference = FEF86D9F1C3ECC9400CBDEF0 /* Project 2.app */;
			productType = "com.apple.product-type.application";
		};
/* End PBXNativeTarget section */

/* Begin PBXProject section */
		FEF86D971C3ECC9400CBDEF0 /* Project object */ = {
			isa = PBXProject;
			attributes = {
				LastSwiftUpdateCheck = 0720;
				LastUpgradeCheck = 0720;
				ORGANIZATIONNAME = "Tendai Prince Dzonga";
				TargetAttributes = {
					FEF86D9E1C3ECC9400CBDEF0 = {
						CreatedOnToolsVersion = 7.2;
					};
				};
			};
			buildConfigurationList = FEF86D9A1C3ECC9400CBDEF0 /* Build configuration list for PBXProject "Project 2" */;
			compatibilityVersion = "Xcode 3.2";
			developmentRegion = English;
			hasScannedForEncodings = 0;
			knownRegions = (
				en,
				Base,
			);
			mainGroup = FEF86D961C3ECC9400CBDEF0;
			productRefGroup = FEF86DA01C3ECC9400CBDEF0 /* Products */;
			projectDirPath = "";
			projectRoot = "";
			targets = (
				FEF86D9E1C3ECC9400CBDEF0 /* Project 2 */,
			);
		};
/* End PBXProject section */

/* Begin PBXResourcesBuildPhase section */
		FEF86D9D1C3ECC9400CBDEF0 /* Resources */ = {
			isa = PBXResourcesBuildPhase;
			buildActionMask = 2147483647;
			files = (
				FEF86DAD1C3ECC9400CBDEF0 /* LaunchScreen.storyboard in Resources */,
				FEF86DAA1C3ECC9400CBDEF0 /* Assets.xcassets in Resources */,
				FEF86DA81C3ECC9400CBDEF0 /* Main.storyboard in Resources */,
			);
			runOnlyForDeploymentPostprocessing = 0;
		};
/* End PBXResourcesBuildPhase section */

/* Begin PBXSourcesBuildPhase section */
		FEF86D9B1C3ECC9400CBDEF0 /* Sources */ = {
			isa = PBXSourcesBuildPhase;
			buildActionMask = 2147483647;
			files = (
				FEF86DA51C3ECC9400CBDEF0 /* ViewController.swift in Sources */,
				FEF86DA31C3ECC9400CBDEF0 /* AppDelegate.swift in Sources */,
			);
			runOnlyForDeploymentPostprocessing = 0;
		};
/* End PBXSourcesBuildPhase section */

/* Begin PBXVariantGroup section */
		FEF86DA61C3ECC9400CBDEF0 /* Main.storyboard */ = {
			isa = PBXVariantGroup;
			children = (
				FEF86DA71C3ECC9400CBDEF0 /* Base */,
			);
			name = Main.storyboard;
			sourceTree = "<group>";
		};
		FEF86DAB1C3ECC9400CBDEF0 /* LaunchScreen.storyboard */ = {
			isa = PBXVariantGroup;
			children = (
				FEF86DAC1C3ECC9400CBDEF0 /* Base */,
			);
			name = LaunchScreen.storyboard;
			sourceTree = "<group>";
		};
/* End PBXVariantGroup section */

/* Begin XCBuildConfiguration section */
		FEF86DAF1C3ECC9400CBDEF0 /* Debug */ = {
			isa = XCBuildConfiguration;
			buildSettings = {
				ALWAYS_SEARCH_USER_PATHS = NO;
				CLANG_CXX_LANGUAGE_STANDARD = "gnu++0x";
				CLANG_CXX_LIBRARY = "libc++";
				CLANG_ENABLE_MODULES = YES;
				CLANG_ENABLE_OBJC_ARC = YES;
				CLANG_WARN_BOOL_CONVERSION = YES;
				CLANG_WARN_CONSTANT_CONVERSION = YES;
				CLANG_WARN_DIRECT_OBJC_ISA_USAGE = YES_ERROR;
				CLANG_WARN_EMPTY_BODY = YES;
				CLANG_WARN_ENUM_CONVERSION = YES;
				CLANG_WARN_INT_CONVERSION = YES;
				CLANG_WARN_OBJC_ROOT_CLASS = YES_ERROR;
				CLANG_WARN_UNREACHABLE_CODE = YES;
				CLANG_WARN__DUPLICATE_METHOD_MATCH = YES;
				"CODE_SIGN_IDENTITY[sdk=iphoneos*]" = "iPhone Developer";
				COPY_PHASE_STRIP = NO;
				DEBUG_INFORMATION_FORMAT = dwarf;
				ENABLE_STRICT_OBJC_MSGSEND = YES;
				ENABLE_TESTABILITY = YES;
				GCC_C_LANGUAGE_STANDARD = gnu99;
				GCC_DYNAMIC_NO_PIC = NO;
				GCC_NO_COMMON_BLOCKS = YES;
				GCC_OPTIMIZATION_LEVEL = 0;
				GCC_PREPROCESSOR_DEFINITIONS = (
					"DEBUG=1",
					"$(inherited)",
				);
				GCC_WARN_64_TO_32_BIT_CONVERSION = YES;
				GCC_WARN_ABOUT_RETURN_TYPE = YES_ERROR;
				GCC_WARN_UNDECLARED_SELECTOR = YES;
				GCC_WARN_UNINITIALIZED_AUTOS = YES_AGGRESSIVE;
				GCC_WARN_UNUSED_FUNCTION = YES;
				GCC_WARN_UNUSED_VARIABLE = YES;
				IPHONEOS_DEPLOYMENT_TARGET = 9.2;
				MTL_ENABLE_DEBUG_INFO = YES;
				ONLY_ACTIVE_ARCH = YES;
				SDKROOT = iphoneos;
				SWIFT_OPTIMIZATION_LEVEL = "-Onone";
			};
			name = Debug;
		};
		FEF86DB01C3ECC9400CBDEF0 /* Release */ = {
			isa = XCBuildConfiguration;
			buildSettings = {
				ALWAYS_SEARCH_USER_PATHS = NO;
				CLANG_CXX_LANGUAGE_STANDARD = "gnu++0x";
				CLANG_CXX_LIBRARY = "libc++";
				CLANG_ENABLE_MODULES = YES;
				CLANG_ENABLE_OBJC_ARC = YES;
				CLANG_WARN_BOOL_CONVERSION = YES;
				CLANG_WARN_CONSTANT_CONVERSION = YES;
				CLANG_WARN_DIRECT_OBJC_ISA_USAGE = YES_ERROR;
				CLANG_WARN_EMPTY_BODY = YES;
				CLANG_WARN_ENUM_CONVERSION = YES;
				CLANG_WARN_INT_CONVERSION = YES;
				CLANG_WARN_OBJC_ROOT_CLASS = YES_ERROR;
				CLANG_WARN_UNREACHABLE_CODE = YES;
				CLANG_WARN__DUPLICATE_METHOD_MATCH = YES;
				"CODE_SIGN_IDENTITY[sdk=iphoneos*]" = "iPhone Developer";
				COPY_PHASE_STRIP = NO;
				DEBUG_INFORMATION_FORMAT = "dwarf-with-dsym";
				ENABLE_NS_ASSERTIONS = NO;
				ENABLE_STRICT_OBJC_MSGSEND = YES;
				GCC_C_LANGUAGE_STANDARD = gnu99;
				GCC_NO_COMMON_BLOCKS = YES;
				GCC_WARN_64_TO_32_BIT_CONVERSION = YES;
				GCC_WARN_ABOUT_RETURN_TYPE = YES_ERROR;
				GCC_WARN_UNDECLARED_SELECTOR = YES;
				GCC_WARN_UNINITIALIZED_AUTOS = YES_AGGRESSIVE;
				GCC_WARN_UNUSED_FUNCTION = YES;
				GCC_WARN_UNUSED_VARIABLE = YES;
				IPHONEOS_DEPLOYMENT_TARGET = 9.2;
				MTL_ENABLE_DEBUG_INFO = NO;
				SDKROOT = iphoneos;
				VALIDATE_PRODUCT = YES;
			};
			name = Release;
		};
		FEF86DB21C3ECC9400CBDEF0 /* Debug */ = {
			isa = XCBuildConfiguration;
			buildSettings = {
				ASSETCATALOG_COMPILER_APPICON_NAME = AppIcon;
				INFOPLIST_FILE = "Project 2/Info.plist";
				LD_RUNPATH_SEARCH_PATHS = "$(inherited) @executable_path/Frameworks";
				PRODUCT_BUNDLE_IDENTIFIER = "Dzonga-Prince.hackingWithSwift.Project-2";
				PRODUCT_NAME = "$(TARGET_NAME)";
			};
			name = Debug;
		};
		FEF86DB31C3ECC9400CBDEF0 /* Release */ = {
			isa = XCBuildConfiguration;
			buildSettings = {
				ASSETCATALOG_COMPILER_APPICON_NAME = AppIcon;
				INFOPLIST_FILE = "Project 2/Info.plist";
				LD_RUNPATH_SEARCH_PATHS = "$(inherited) @executable_path/Frameworks";
				PRODUCT_BUNDLE_IDENTIFIER = "Dzonga-Prince.hackingWithSwift.Project-2";
				PRODUCT_NAME = "$(TARGET_NAME)";
			};
			name = Release;
		};
/* End XCBuildConfiguration section */

/* Begin XCConfigurationList section */
		FEF86D9A1C3ECC9400CBDEF0 /* Build configuration list for PBXProject "Project 2" */ = {
			isa = XCConfigurationList;
			buildConfigurations = (
				FEF86DAF1C3ECC9400CBDEF0 /* Debug */,
				FEF86DB01C3ECC9400CBDEF0 /* Release */,
			);
			defaultConfigurationIsVisible = 0;
			defaultConfigurationName = Release;
		};
		FEF86DB11C3ECC9400CBDEF0 /* Build configuration list for PBXNativeTarget "Project 2" */ = {
			isa = XCConfigurationList;
			buildConfigurations = (
				FEF86DB21C3ECC9400CBDEF0 /* Debug */,
				FEF86DB31C3ECC9400CBDEF0 /* Release */,
			);
			defaultConfigurationIsVisible = 0;
		};
/* End XCConfigurationList section */
	};
	rootObject = FEF86D971C3ECC9400CBDEF0 /* Project object */;
}
